
Microsoft Visual Studio Solution File, Format Version 12.00
# Visual Studio 15
VisualStudioVersion = 15.0.26124.0
MinimumVisualStudioVersion = 15.0.26124.0
Project("{2150E333-8FDC-42A3-9474-1A3956D46DE8}") = "src", "src", "{DB11EEB9-7411-42FC-BB6F-107597058F17}"
EndProject
Project("{FAE04EC0-301F-11D3-BF4B-00C04F79EFBC}") = "SampleApp", "src\SampleApp\SampleApp.csproj", "{1FBF41B8-3974-4D7D-AD5F-00E6FA004171}"
EndProject
Global
	GlobalSection(SolutionConfigurationPlatforms) = preSolution
		Debug|Any CPU = Debug|Any CPU
		Debug|x64 = Debug|x64
		Debug|x86 = Debug|x86
		Release|Any CPU = Release|Any CPU
		Release|x64 = Release|x64
		Release|x86 = Release|x86
	EndGlobalSection
	GlobalSection(SolutionProperties) = preSolution
		HideSolutionNode = FALSE
	EndGlobalSection
	GlobalSection(ProjectConfigurationPlatforms) = postSolution
		{1FBF41B8-3974-4D7D-AD5F-00E6FA004171}.Debug|Any CPU.ActiveCfg = Debug|Any CPU
		{1FBF41B8-3974-4D7D-AD5F-00E6FA004171}.Debug|Any CPU.Build.0 = Debug|Any CPU
		{1FBF41B8-3974-4D7D-AD5F-00E6FA004171}.Debug|x64.ActiveCfg = Debug|Any CPU
		{1FBF41B8-3974-4D7D-AD5F-00E6FA004171}.Debug|x64.Build.0 = Debug|Any CPU
		{1FBF41B8-3974-4D7D-AD5F-00E6FA004171}.Debug|x86.ActiveCfg = Debug|Any CPU
		{1FBF41B8-3974-4D7D-AD5F-00E6FA004171}.Debug|x86.Build.0 = Debug|Any CPU
		{1FBF41B8-3974-4D7D-AD5F-00E6FA004171}.Release|Any CPU.ActiveCfg = Release|Any CPU
		{1FBF41B8-3974-4D7D-AD5F-00E6FA004171}.Release|Any CPU.Build.0 = Release|Any CPU
		{1FBF41B8-3974-4D7D-AD5F-00E6FA004171}.Release|x64.ActiveCfg = Release|Any CPU
		{1FBF41B8-3974-4D7D-AD5F-00E6FA004171}.Release|x64.Build.0 = Release|Any CPU
		{1FBF41B8-3974-4D7D-AD5F-00E6FA004171}.Release|x86.ActiveCfg = Release|Any CPU
		{1FBF41B8-3974-4D7D-AD5F-00E6FA004171}.Release|x86.Build.0 = Release|Any CPU
		{3A23803D-D3C8-4F9D-A165-C593A5FD75A8}.Debug|Any CPU.ActiveCfg = Debug|Any CPU
		{3A23803D-D3C8-4F9D-A165-C593A5FD75A8}.Debug|Any CPU.Build.0 = Debug|Any CPU
		{3A23803D-D3C8-4F9D-A165-C593A5FD75A8}.Debug|x64.ActiveCfg = Debug|Any CPU
		{3A23803D-D3C8-4F9D-A165-C593A5FD75A8}.Debug|x64.Build.0 = Debug|Any CPU
		{3A23803D-D3C8-4F9D-A165-C593A5FD75A8}.Debug|x86.ActiveCfg = Debug|Any CPU
		{3A23803D-D3C8-4F9D-A165-C593A5FD75A8}.Debug|x86.Build.0 = Debug|Any CPU
		{3A23803D-D3C8-4F9D-A165-C593A5FD75A8}.Release|Any CPU.ActiveCfg = Release|Any CPU
		{3A23803D-D3C8-4F9D-A165-C593A5FD75A8}.Release|Any CPU.Build.0 = Release|Any CPU
		{3A23803D-D3C8-4F9D-A165-C593A5FD75A8}.Release|x64.ActiveCfg = Release|Any CPU
		{3A23803D-D3C8-4F9D-A165-C593A5FD75A8}.Release|x64.Build.0 = Release|Any CPU
		{3A23803D-D3C8-4F9D-A165-C593A5FD75A8}.Release|x86.ActiveCfg = Release|Any CPU
		{3A23803D-D3C8-4F9D-A165-C593A5FD75A8}.Release|x86.Build.0 = Release|Any CPU
	EndGlobalSection
	GlobalSection(NestedProjects) = preSolution
		{1FBF41B8-3974-4D7D-AD5F-00E6FA004171} = {DB11EEB9-7411-42FC-BB6F-107597058F17}
		{3A23803D-D3C8-4F9D-A165-C593A5FD75A8} = {79042B4D-4E20-4011-BD0E-0F4086B1594E}
	EndGlobalSection
EndGlobal
